// !$*UTF8*$!
{
	archiveVersion = 1;
	classes = {
	};
	objectVersion = 56;
	objects = {

/* Begin PBXBuildFile section */
		85151FFC2C95B51A00B04A6E /* AppDelegate.swift in Sources */ = {isa = PBXBuildFile; fileRef = 85151FFB2C95B51A00B04A6E /* AppDelegate.swift */; };
		85151FFE2C95B51A00B04A6E /* SceneDelegate.swift in Sources */ = {isa = PBXBuildFile; fileRef = 85151FFD2C95B51A00B04A6E /* SceneDelegate.swift */; };
		851520002C95B51A00B04A6E /* TaskListViewController.swift in Sources */ = {isa = PBXBuildFile; fileRef = 85151FFF2C95B51A00B04A6E /* TaskListViewController.swift */; };
		851520062C95B51A00B04A6E /* TaskList.xcdatamodeld in Sources */ = {isa = PBXBuildFile; fileRef = 851520042C95B51A00B04A6E /* TaskList.xcdatamodeld */; };
		851520082C95B51B00B04A6E /* Assets.xcassets in Resources */ = {isa = PBXBuildFile; fileRef = 851520072C95B51B00B04A6E /* Assets.xcassets */; };
		8515200B2C95B51B00B04A6E /* Base in Resources */ = {isa = PBXBuildFile; fileRef = 8515200A2C95B51B00B04A6E /* Base */; };
		8515201A2C95B8A900B04A6E /* TaskListPresenter.swift in Sources */ = {isa = PBXBuildFile; fileRef = 851520192C95B8A900B04A6E /* TaskListPresenter.swift */; };
		8515201C2C95B8B800B04A6E /* TaskListInteractor.swift in Sources */ = {isa = PBXBuildFile; fileRef = 8515201B2C95B8B800B04A6E /* TaskListInteractor.swift */; };
		8515201E2C95B8DE00B04A6E /* TaskListRouter.swift in Sources */ = {isa = PBXBuildFile; fileRef = 8515201D2C95B8DE00B04A6E /* TaskListRouter.swift */; };
		851520202C95B8F500B04A6E /* TaskListConfigurator.swift in Sources */ = {isa = PBXBuildFile; fileRef = 8515201F2C95B8F500B04A6E /* TaskListConfigurator.swift */; };
		851520232C95B93300B04A6E /* TaskCell.swift in Sources */ = {isa = PBXBuildFile; fileRef = 851520222C95B93300B04A6E /* TaskCell.swift */; };
		851520252C95B93E00B04A6E /* TaskCellViewModel.swift in Sources */ = {isa = PBXBuildFile; fileRef = 851520242C95B93E00B04A6E /* TaskCellViewModel.swift */; };
		851520272C95BF7100B04A6E /* TaskDetailsViewController.swift in Sources */ = {isa = PBXBuildFile; fileRef = 851520262C95BF7100B04A6E /* TaskDetailsViewController.swift */; };
		851520292C95BF7F00B04A6E /* TaskDetailsPresenter.swift in Sources */ = {isa = PBXBuildFile; fileRef = 851520282C95BF7F00B04A6E /* TaskDetailsPresenter.swift */; };
		8515202B2C95BF9100B04A6E /* TaskDetailsInteractor.swift in Sources */ = {isa = PBXBuildFile; fileRef = 8515202A2C95BF9100B04A6E /* TaskDetailsInteractor.swift */; };
		8515202F2C95BFAD00B04A6E /* TaskDetailsConfigurator.swift in Sources */ = {isa = PBXBuildFile; fileRef = 8515202E2C95BFAD00B04A6E /* TaskDetailsConfigurator.swift */; };
		851520312C95BFC600B04A6E /* NetworkManager.swift in Sources */ = {isa = PBXBuildFile; fileRef = 851520302C95BFC600B04A6E /* NetworkManager.swift */; };
		851520332C95BFD700B04A6E /* StorageManager.swift in Sources */ = {isa = PBXBuildFile; fileRef = 851520322C95BFD700B04A6E /* StorageManager.swift */; };
		851520352C95C02000B04A6E /* TasksInAPI.swift in Sources */ = {isa = PBXBuildFile; fileRef = 851520342C95C02000B04A6E /* TasksInAPI.swift */; };
		858A2B3A2C9963E0006FD706 /* Extenshion + UIAlertController.swift in Sources */ = {isa = PBXBuildFile; fileRef = 858A2B392C9963E0006FD706 /* Extenshion + UIAlertController.swift */; };
/* End PBXBuildFile section */

/* Begin PBXFileReference section */
		85151FF82C95B51A00B04A6E /* TaskList.app */ = {isa = PBXFileReference; explicitFileType = wrapper.application; includeInIndex = 0; path = TaskList.app; sourceTree = BUILT_PRODUCTS_DIR; };
		85151FFB2C95B51A00B04A6E /* AppDelegate.swift */ = {isa = PBXFileReference; lastKnownFileType = sourcecode.swift; path = AppDelegate.swift; sourceTree = "<group>"; };
		85151FFD2C95B51A00B04A6E /* SceneDelegate.swift */ = {isa = PBXFileReference; lastKnownFileType = sourcecode.swift; path = SceneDelegate.swift; sourceTree = "<group>"; };
		85151FFF2C95B51A00B04A6E /* TaskListViewController.swift */ = {isa = PBXFileReference; lastKnownFileType = sourcecode.swift; path = TaskListViewController.swift; sourceTree = "<group>"; };
		851520052C95B51A00B04A6E /* TaskList.xcdatamodel */ = {isa = PBXFileReference; lastKnownFileType = wrapper.xcdatamodel; path = TaskList.xcdatamodel; sourceTree = "<group>"; };
		851520072C95B51B00B04A6E /* Assets.xcassets */ = {isa = PBXFileReference; lastKnownFileType = folder.assetcatalog; path = Assets.xcassets; sourceTree = "<group>"; };
		8515200A2C95B51B00B04A6E /* Base */ = {isa = PBXFileReference; lastKnownFileType = file.storyboard; name = Base; path = Base.lproj/LaunchScreen.storyboard; sourceTree = "<group>"; };
		8515200C2C95B51B00B04A6E /* Info.plist */ = {isa = PBXFileReference; lastKnownFileType = text.plist.xml; path = Info.plist; sourceTree = "<group>"; };
		851520192C95B8A900B04A6E /* TaskListPresenter.swift */ = {isa = PBXFileReference; lastKnownFileType = sourcecode.swift; path = TaskListPresenter.swift; sourceTree = "<group>"; };
		8515201B2C95B8B800B04A6E /* TaskListInteractor.swift */ = {isa = PBXFileReference; lastKnownFileType = sourcecode.swift; path = TaskListInteractor.swift; sourceTree = "<group>"; };
		8515201D2C95B8DE00B04A6E /* TaskListRouter.swift */ = {isa = PBXFileReference; lastKnownFileType = sourcecode.swift; path = TaskListRouter.swift; sourceTree = "<group>"; };
		8515201F2C95B8F500B04A6E /* TaskListConfigurator.swift */ = {isa = PBXFileReference; lastKnownFileType = sourcecode.swift; path = TaskListConfigurator.swift; sourceTree = "<group>"; };
		851520222C95B93300B04A6E /* TaskCell.swift */ = {isa = PBXFileReference; lastKnownFileType = sourcecode.swift; path = TaskCell.swift; sourceTree = "<group>"; };
		851520242C95B93E00B04A6E /* TaskCellViewModel.swift */ = {isa = PBXFileReference; lastKnownFileType = sourcecode.swift; path = TaskCellViewModel.swift; sourceTree = "<group>"; };
		851520262C95BF7100B04A6E /* TaskDetailsViewController.swift */ = {isa = PBXFileReference; lastKnownFileType = sourcecode.swift; path = TaskDetailsViewController.swift; sourceTree = "<group>"; };
		851520282C95BF7F00B04A6E /* TaskDetailsPresenter.swift */ = {isa = PBXFileReference; lastKnownFileType = sourcecode.swift; path = TaskDetailsPresenter.swift; sourceTree = "<group>"; };
		8515202A2C95BF9100B04A6E /* TaskDetailsInteractor.swift */ = {isa = PBXFileReference; lastKnownFileType = sourcecode.swift; path = TaskDetailsInteractor.swift; sourceTree = "<group>"; };
		8515202E2C95BFAD00B04A6E /* TaskDetailsConfigurator.swift */ = {isa = PBXFileReference; lastKnownFileType = sourcecode.swift; path = TaskDetailsConfigurator.swift; sourceTree = "<group>"; };
		851520302C95BFC600B04A6E /* NetworkManager.swift */ = {isa = PBXFileReference; lastKnownFileType = sourcecode.swift; path = NetworkManager.swift; sourceTree = "<group>"; };
		851520322C95BFD700B04A6E /* StorageManager.swift */ = {isa = PBXFileReference; lastKnownFileType = sourcecode.swift; path = StorageManager.swift; sourceTree = "<group>"; };
		851520342C95C02000B04A6E /* TasksInAPI.swift */ = {isa = PBXFileReference; lastKnownFileType = sourcecode.swift; path = TasksInAPI.swift; sourceTree = "<group>"; };
		858A2B392C9963E0006FD706 /* Extenshion + UIAlertController.swift */ = {isa = PBXFileReference; lastKnownFileType = sourcecode.swift; path = "Extenshion + UIAlertController.swift"; sourceTree = "<group>"; };
/* End PBXFileReference section */

/* Begin PBXFrameworksBuildPhase section */
		85151FF52C95B51A00B04A6E /* Frameworks */ = {
			isa = PBXFrameworksBuildPhase;
			buildActionMask = 2147483647;
			files = (
			);
			runOnlyForDeploymentPostprocessing = 0;
		};
/* End PBXFrameworksBuildPhase section */

/* Begin PBXGroup section */
		85151FEF2C95B51A00B04A6E = {
			isa = PBXGroup;
			children = (
				85151FFA2C95B51A00B04A6E /* TaskList */,
				85151FF92C95B51A00B04A6E /* Products */,
			);
			sourceTree = "<group>";
		};
		85151FF92C95B51A00B04A6E /* Products */ = {
			isa = PBXGroup;
			children = (
				85151FF82C95B51A00B04A6E /* TaskList.app */,
			);
			name = Products;
			sourceTree = "<group>";
		};
		85151FFA2C95B51A00B04A6E /* TaskList */ = {
			isa = PBXGroup;
			children = (
				851520152C95B58D00B04A6E /* TaskList */,
				851520182C95B86500B04A6E /* TaskDetails */,
				851520172C95B84900B04A6E /* Services */,
				851520142C95B57B00B04A6E /* Models */,
				851520122C95B53200B04A6E /* App */,
				851520162C95B82400B04A6E /* Storyboard */,
				851520132C95B55600B04A6E /* Resources */,
			);
			path = TaskList;
			sourceTree = "<group>";
		};
		851520122C95B53200B04A6E /* App */ = {
			isa = PBXGroup;
			children = (
				85151FFB2C95B51A00B04A6E /* AppDelegate.swift */,
				85151FFD2C95B51A00B04A6E /* SceneDelegate.swift */,
				8515200C2C95B51B00B04A6E /* Info.plist */,
			);
			path = App;
			sourceTree = "<group>";
		};
		851520132C95B55600B04A6E /* Resources */ = {
			isa = PBXGroup;
			children = (
				851520072C95B51B00B04A6E /* Assets.xcassets */,
			);
			path = Resources;
			sourceTree = "<group>";
		};
		851520142C95B57B00B04A6E /* Models */ = {
			isa = PBXGroup;
			children = (
				851520042C95B51A00B04A6E /* TaskList.xcdatamodeld */,
				851520342C95C02000B04A6E /* TasksInAPI.swift */,
			);
			path = Models;
			sourceTree = "<group>";
		};
		851520152C95B58D00B04A6E /* TaskList */ = {
			isa = PBXGroup;
			children = (
				85151FFF2C95B51A00B04A6E /* TaskListViewController.swift */,
				851520192C95B8A900B04A6E /* TaskListPresenter.swift */,
				8515201B2C95B8B800B04A6E /* TaskListInteractor.swift */,
				8515201D2C95B8DE00B04A6E /* TaskListRouter.swift */,
				8515201F2C95B8F500B04A6E /* TaskListConfigurator.swift */,
				851520212C95B91100B04A6E /* TaskCell */,
				858A2B382C99636A006FD706 /* Extenshion + TaskListViewComtroller */,
			);
			path = TaskList;
			sourceTree = "<group>";
		};
		851520162C95B82400B04A6E /* Storyboard */ = {
			isa = PBXGroup;
			children = (
				851520092C95B51B00B04A6E /* LaunchScreen.storyboard */,
			);
			path = Storyboard;
			sourceTree = "<group>";
		};
		851520172C95B84900B04A6E /* Services */ = {
			isa = PBXGroup;
			children = (
				851520302C95BFC600B04A6E /* NetworkManager.swift */,
				851520322C95BFD700B04A6E /* StorageManager.swift */,
			);
			path = Services;
			sourceTree = "<group>";
		};
		851520182C95B86500B04A6E /* TaskDetails */ = {
			isa = PBXGroup;
			children = (
				851520262C95BF7100B04A6E /* TaskDetailsViewController.swift */,
				851520282C95BF7F00B04A6E /* TaskDetailsPresenter.swift */,
				8515202A2C95BF9100B04A6E /* TaskDetailsInteractor.swift */,
				8515202E2C95BFAD00B04A6E /* TaskDetailsConfigurator.swift */,
			);
			path = TaskDetails;
			sourceTree = "<group>";
		};
		851520212C95B91100B04A6E /* TaskCell */ = {
			isa = PBXGroup;
			children = (
				851520222C95B93300B04A6E /* TaskCell.swift */,
				851520242C95B93E00B04A6E /* TaskCellViewModel.swift */,
			);
			path = TaskCell;
			sourceTree = "<group>";
		};
		858A2B382C99636A006FD706 /* Extenshion + TaskListViewComtroller */ = {
			isa = PBXGroup;
			children = (
				858A2B392C9963E0006FD706 /* Extenshion + UIAlertController.swift */,
			);
			path = "Extenshion + TaskListViewComtroller";
			sourceTree = "<group>";
		};
/* End PBXGroup section */

/* Begin PBXNativeTarget section */
		85151FF72C95B51A00B04A6E /* TaskList */ = {
			isa = PBXNativeTarget;
			buildConfigurationList = 8515200F2C95B51B00B04A6E /* Build configuration list for PBXNativeTarget "TaskList" */;
			buildPhases = (
				85151FF42C95B51A00B04A6E /* Sources */,
				85151FF52C95B51A00B04A6E /* Frameworks */,
				85151FF62C95B51A00B04A6E /* Resources */,
			);
			buildRules = (
			);
			dependencies = (
			);
			name = TaskList;
			productName = TaskList;
			productReference = 85151FF82C95B51A00B04A6E /* TaskList.app */;
			productType = "com.apple.product-type.application";
		};
/* End PBXNativeTarget section */

/* Begin PBXProject section */
		85151FF02C95B51A00B04A6E /* Project object */ = {
			isa = PBXProject;
			attributes = {
				BuildIndependentTargetsInParallel = 1;
				LastSwiftUpdateCheck = 1540;
				LastUpgradeCheck = 1540;
				TargetAttributes = {
					85151FF72C95B51A00B04A6E = {
						CreatedOnToolsVersion = 15.4;
					};
				};
			};
			buildConfigurationList = 85151FF32C95B51A00B04A6E /* Build configuration list for PBXProject "TaskList" */;
			compatibilityVersion = "Xcode 14.0";
			developmentRegion = en;
			hasScannedForEncodings = 0;
			knownRegions = (
				en,
				Base,
			);
			mainGroup = 85151FEF2C95B51A00B04A6E;
			productRefGroup = 85151FF92C95B51A00B04A6E /* Products */;
			projectDirPath = "";
			projectRoot = "";
			targets = (
				85151FF72C95B51A00B04A6E /* TaskList */,
			);
		};
/* End PBXProject section */

/* Begin PBXResourcesBuildPhase section */
		85151FF62C95B51A00B04A6E /* Resources */ = {
			isa = PBXResourcesBuildPhase;
			buildActionMask = 2147483647;
			files = (
				851520082C95B51B00B04A6E /* Assets.xcassets in Resources */,
				8515200B2C95B51B00B04A6E /* Base in Resources */,
			);
			runOnlyForDeploymentPostprocessing = 0;
		};
/* End PBXResourcesBuildPhase section */

/* Begin PBXSourcesBuildPhase section */
		85151FF42C95B51A00B04A6E /* Sources */ = {
			isa = PBXSourcesBuildPhase;
			buildActionMask = 2147483647;
			files = (
				851520352C95C02000B04A6E /* TasksInAPI.swift in Sources */,
				851520332C95BFD700B04A6E /* StorageManager.swift in Sources */,
				851520202C95B8F500B04A6E /* TaskListConfigurator.swift in Sources */,
				851520062C95B51A00B04A6E /* TaskList.xcdatamodeld in Sources */,
				8515202F2C95BFAD00B04A6E /* TaskDetailsConfigurator.swift in Sources */,
				858A2B3A2C9963E0006FD706 /* Extenshion + UIAlertController.swift in Sources */,
				8515201A2C95B8A900B04A6E /* TaskListPresenter.swift in Sources */,
				851520312C95BFC600B04A6E /* NetworkManager.swift in Sources */,
				851520002C95B51A00B04A6E /* TaskListViewController.swift in Sources */,
				8515202B2C95BF9100B04A6E /* TaskDetailsInteractor.swift in Sources */,
				8515201C2C95B8B800B04A6E /* TaskListInteractor.swift in Sources */,
				85151FFC2C95B51A00B04A6E /* AppDelegate.swift in Sources */,
				85151FFE2C95B51A00B04A6E /* SceneDelegate.swift in Sources */,
				851520272C95BF7100B04A6E /* TaskDetailsViewController.swift in Sources */,
				851520232C95B93300B04A6E /* TaskCell.swift in Sources */,
				8515201E2C95B8DE00B04A6E /* TaskListRouter.swift in Sources */,
				851520292C95BF7F00B04A6E /* TaskDetailsPresenter.swift in Sources */,
				851520252C95B93E00B04A6E /* TaskCellViewModel.swift in Sources */,
			);
			runOnlyForDeploymentPostprocessing = 0;
		};
/* End PBXSourcesBuildPhase section */

/* Begin PBXVariantGroup section */
		851520092C95B51B00B04A6E /* LaunchScreen.storyboard */ = {
			isa = PBXVariantGroup;
			children = (
				8515200A2C95B51B00B04A6E /* Base */,
			);
			name = LaunchScreen.storyboard;
			sourceTree = "<group>";
		};
/* End PBXVariantGroup section */

/* Begin XCBuildConfiguration section */
		8515200D2C95B51B00B04A6E /* Debug */ = {
			isa = XCBuildConfiguration;
			buildSettings = {
				ALWAYS_SEARCH_USER_PATHS = NO;
				ASSETCATALOG_COMPILER_GENERATE_SWIFT_ASSET_SYMBOL_EXTENSIONS = YES;
				CLANG_ANALYZER_NONNULL = YES;
				CLANG_ANALYZER_NUMBER_OBJECT_CONVERSION = YES_AGGRESSIVE;
				CLANG_CXX_LANGUAGE_STANDARD = "gnu++20";
				CLANG_ENABLE_MODULES = YES;
				CLANG_ENABLE_OBJC_ARC = YES;
				CLANG_ENABLE_OBJC_WEAK = YES;
				CLANG_WARN_BLOCK_CAPTURE_AUTORELEASING = YES;
				CLANG_WARN_BOOL_CONVERSION = YES;
				CLANG_WARN_COMMA = YES;
				CLANG_WARN_CONSTANT_CONVERSION = YES;
				CLANG_WARN_DEPRECATED_OBJC_IMPLEMENTATIONS = YES;
				CLANG_WARN_DIRECT_OBJC_ISA_USAGE = YES_ERROR;
				CLANG_WARN_DOCUMENTATION_COMMENTS = YES;
				CLANG_WARN_EMPTY_BODY = YES;
				CLANG_WARN_ENUM_CONVERSION = YES;
				CLANG_WARN_INFINITE_RECURSION = YES;
				CLANG_WARN_INT_CONVERSION = YES;
				CLANG_WARN_NON_LITERAL_NULL_CONVERSION = YES;
				CLANG_WARN_OBJC_IMPLICIT_RETAIN_SELF = YES;
				CLANG_WARN_OBJC_LITERAL_CONVERSION = YES;
				CLANG_WARN_OBJC_ROOT_CLASS = YES_ERROR;
				CLANG_WARN_QUOTED_INCLUDE_IN_FRAMEWORK_HEADER = YES;
				CLANG_WARN_RANGE_LOOP_ANALYSIS = YES;
				CLANG_WARN_STRICT_PROTOTYPES = YES;
				CLANG_WARN_SUSPICIOUS_MOVE = YES;
				CLANG_WARN_UNGUARDED_AVAILABILITY = YES_AGGRESSIVE;
				CLANG_WARN_UNREACHABLE_CODE = YES;
				CLANG_WARN__DUPLICATE_METHOD_MATCH = YES;
				COPY_PHASE_STRIP = NO;
				DEBUG_INFORMATION_FORMAT = dwarf;
				ENABLE_STRICT_OBJC_MSGSEND = YES;
				ENABLE_TESTABILITY = YES;
				ENABLE_USER_SCRIPT_SANDBOXING = YES;
				GCC_C_LANGUAGE_STANDARD = gnu17;
				GCC_DYNAMIC_NO_PIC = NO;
				GCC_NO_COMMON_BLOCKS = YES;
				GCC_OPTIMIZATION_LEVEL = 0;
				GCC_PREPROCESSOR_DEFINITIONS = (
					"DEBUG=1",
					"$(inherited)",
				);
				GCC_WARN_64_TO_32_BIT_CONVERSION = YES;
				GCC_WARN_ABOUT_RETURN_TYPE = YES_ERROR;
				GCC_WARN_UNDECLARED_SELECTOR = YES;
				GCC_WARN_UNINITIALIZED_AUTOS = YES_AGGRESSIVE;
				GCC_WARN_UNUSED_FUNCTION = YES;
				GCC_WARN_UNUSED_VARIABLE = YES;
				IPHONEOS_DEPLOYMENT_TARGET = 17.5;
				LOCALIZATION_PREFERS_STRING_CATALOGS = YES;
				MTL_ENABLE_DEBUG_INFO = INCLUDE_SOURCE;
				MTL_FAST_MATH = YES;
				ONLY_ACTIVE_ARCH = YES;
				SDKROOT = iphoneos;
				SWIFT_ACTIVE_COMPILATION_CONDITIONS = "DEBUG $(inherited)";
				SWIFT_OPTIMIZATION_LEVEL = "-Onone";
			};
			name = Debug;
		};
		8515200E2C95B51B00B04A6E /* Release */ = {
			isa = XCBuildConfiguration;
			buildSettings = {
				ALWAYS_SEARCH_USER_PATHS = NO;
				ASSETCATALOG_COMPILER_GENERATE_SWIFT_ASSET_SYMBOL_EXTENSIONS = YES;
				CLANG_ANALYZER_NONNULL = YES;
				CLANG_ANALYZER_NUMBER_OBJECT_CONVERSION = YES_AGGRESSIVE;
				CLANG_CXX_LANGUAGE_STANDARD = "gnu++20";
				CLANG_ENABLE_MODULES = YES;
				CLANG_ENABLE_OBJC_ARC = YES;
				CLANG_ENABLE_OBJC_WEAK = YES;
				CLANG_WARN_BLOCK_CAPTURE_AUTORELEASING = YES;
				CLANG_WARN_BOOL_CONVERSION = YES;
				CLANG_WARN_COMMA = YES;
				CLANG_WARN_CONSTANT_CONVERSION = YES;
				CLANG_WARN_DEPRECATED_OBJC_IMPLEMENTATIONS = YES;
				CLANG_WARN_DIRECT_OBJC_ISA_USAGE = YES_ERROR;
				CLANG_WARN_DOCUMENTATION_COMMENTS = YES;
				CLANG_WARN_EMPTY_BODY = YES;
				CLANG_WARN_ENUM_CONVERSION = YES;
				CLANG_WARN_INFINITE_RECURSION = YES;
				CLANG_WARN_INT_CONVERSION = YES;
				CLANG_WARN_NON_LITERAL_NULL_CONVERSION = YES;
				CLANG_WARN_OBJC_IMPLICIT_RETAIN_SELF = YES;
				CLANG_WARN_OBJC_LITERAL_CONVERSION = YES;
				CLANG_WARN_OBJC_ROOT_CLASS = YES_ERROR;
				CLANG_WARN_QUOTED_INCLUDE_IN_FRAMEWORK_HEADER = YES;
				CLANG_WARN_RANGE_LOOP_ANALYSIS = YES;
				CLANG_WARN_STRICT_PROTOTYPES = YES;
				CLANG_WARN_SUSPICIOUS_MOVE = YES;
				CLANG_WARN_UNGUARDED_AVAILABILITY = YES_AGGRESSIVE;
				CLANG_WARN_UNREACHABLE_CODE = YES;
				CLANG_WARN__DUPLICATE_METHOD_MATCH = YES;
				COPY_PHASE_STRIP = NO;
				DEBUG_INFORMATION_FORMAT = "dwarf-with-dsym";
				ENABLE_NS_ASSERTIONS = NO;
				ENABLE_STRICT_OBJC_MSGSEND = YES;
				ENABLE_USER_SCRIPT_SANDBOXING = YES;
				GCC_C_LANGUAGE_STANDARD = gnu17;
				GCC_NO_COMMON_BLOCKS = YES;
				GCC_WARN_64_TO_32_BIT_CONVERSION = YES;
				GCC_WARN_ABOUT_RETURN_TYPE = YES_ERROR;
				GCC_WARN_UNDECLARED_SELECTOR = YES;
				GCC_WARN_UNINITIALIZED_AUTOS = YES_AGGRESSIVE;
				GCC_WARN_UNUSED_FUNCTION = YES;
				GCC_WARN_UNUSED_VARIABLE = YES;
				IPHONEOS_DEPLOYMENT_TARGET = 17.5;
				LOCALIZATION_PREFERS_STRING_CATALOGS = YES;
				MTL_ENABLE_DEBUG_INFO = NO;
				MTL_FAST_MATH = YES;
				SDKROOT = iphoneos;
				SWIFT_COMPILATION_MODE = wholemodule;
				VALIDATE_PRODUCT = YES;
			};
			name = Release;
		};
		851520102C95B51B00B04A6E /* Debug */ = {
			isa = XCBuildConfiguration;
			buildSettings = {
				ASSETCATALOG_COMPILER_APPICON_NAME = AppIcon;
				ASSETCATALOG_COMPILER_GLOBAL_ACCENT_COLOR_NAME = AccentColor;
				CODE_SIGN_STYLE = Automatic;
				CURRENT_PROJECT_VERSION = 1;
				GENERATE_INFOPLIST_FILE = YES;
				INFOPLIST_FILE = TaskList/App/Info.plist;
				INFOPLIST_KEY_UIApplicationSupportsIndirectInputEvents = YES;
				INFOPLIST_KEY_UILaunchStoryboardName = LaunchScreen;
				INFOPLIST_KEY_UISupportedInterfaceOrientations = UIInterfaceOrientationPortrait;
				INFOPLIST_KEY_UISupportedInterfaceOrientations_iPad = "UIInterfaceOrientationLandscapeLeft UIInterfaceOrientationLandscapeRight UIInterfaceOrientationPortrait UIInterfaceOrientationPortraitUpsideDown";
				LD_RUNPATH_SEARCH_PATHS = (
					"$(inherited)",
					"@executable_path/Frameworks",
				);
				MARKETING_VERSION = 1.0;
				PRODUCT_BUNDLE_IDENTIFIER = "Pavel-Nastusevich.TaskList";
				PRODUCT_NAME = "$(TARGET_NAME)";
				SUPPORTED_PLATFORMS = "iphoneos iphonesimulator";
				SUPPORTS_MACCATALYST = NO;
				SUPPORTS_MAC_DESIGNED_FOR_IPHONE_IPAD = NO;
				SUPPORTS_XR_DESIGNED_FOR_IPHONE_IPAD = NO;
				SWIFT_EMIT_LOC_STRINGS = YES;
				SWIFT_VERSION = 5.0;
				TARGETED_DEVICE_FAMILY = 1;
			};
			name = Debug;
		};
		851520112C95B51B00B04A6E /* Release */ = {
			isa = XCBuildConfiguration;
			buildSettings = {
				ASSETCATALOG_COMPILER_APPICON_NAME = AppIcon;
				ASSETCATALOG_COMPILER_GLOBAL_ACCENT_COLOR_NAME = AccentColor;
				CODE_SIGN_STYLE = Automatic;
				CURRENT_PROJECT_VERSION = 1;
				GENERATE_INFOPLIST_FILE = YES;
				INFOPLIST_FILE = TaskList/App/Info.plist;
				INFOPLIST_KEY_UIApplicationSupportsIndirectInputEvents = YES;
				INFOPLIST_KEY_UILaunchStoryboardName = LaunchScreen;
				INFOPLIST_KEY_UISupportedInterfaceOrientations = UIInterfaceOrientationPortrait;
				INFOPLIST_KEY_UISupportedInterfaceOrientations_iPad = "UIInterfaceOrientationLandscapeLeft UIInterfaceOrientationLandscapeRight UIInterfaceOrientationPortrait UIInterfaceOrientationPortraitUpsideDown";
				LD_RUNPATH_SEARCH_PATHS = (
					"$(inherited)",
					"@executable_path/Frameworks",
				);
				MARKETING_VERSION = 1.0;
				PRODUCT_BUNDLE_IDENTIFIER = "Pavel-Nastusevich.TaskList";
				PRODUCT_NAME = "$(TARGET_NAME)";
				SUPPORTED_PLATFORMS = "iphoneos iphonesimulator";
				SUPPORTS_MACCATALYST = NO;
				SUPPORTS_MAC_DESIGNED_FOR_IPHONE_IPAD = NO;
				SUPPORTS_XR_DESIGNED_FOR_IPHONE_IPAD = NO;
				SWIFT_EMIT_LOC_STRINGS = YES;
				SWIFT_VERSION = 5.0;
				TARGETED_DEVICE_FAMILY = 1;
			};
			name = Release;
		};
/* End XCBuildConfiguration section */

/* Begin XCConfigurationList section */
		85151FF32C95B51A00B04A6E /* Build configuration list for PBXProject "TaskList" */ = {
			isa = XCConfigurationList;
			buildConfigurations = (
				8515200D2C95B51B00B04A6E /* Debug */,
				8515200E2C95B51B00B04A6E /* Release */,
			);
			defaultConfigurationIsVisible = 0;
			defaultConfigurationName = Release;
		};
		8515200F2C95B51B00B04A6E /* Build configuration list for PBXNativeTarget "TaskList" */ = {
			isa = XCConfigurationList;
			buildConfigurations = (
				851520102C95B51B00B04A6E /* Debug */,
				851520112C95B51B00B04A6E /* Release */,
			);
			defaultConfigurationIsVisible = 0;
			defaultConfigurationName = Release;
		};
/* End XCConfigurationList section */

/* Begin XCVersionGroup section */
		851520042C95B51A00B04A6E /* TaskList.xcdatamodeld */ = {
			isa = XCVersionGroup;
			children = (
				851520052C95B51A00B04A6E /* TaskList.xcdatamodel */,
			);
			currentVersion = 851520052C95B51A00B04A6E /* TaskList.xcdatamodel */;
			path = TaskList.xcdatamodeld;
			sourceTree = "<group>";
			versionGroupType = wrapper.xcdatamodel;
		};
/* End XCVersionGroup section */
	};
	rootObject = 85151FF02C95B51A00B04A6E /* Project object */;
}
